Microsoft Visual Studio Solution File, Format Version 12.00
# Visual Studio 2012
Project("{FAE04EC0-301F-11D3-BF4B-00C04F79EFBC}") = "UsingCalculatedFields", "UsingCalculatedFields\UsingCalculatedFields.csproj", "{64D0535B-890A-42FB-B725-0D1DBBE86706}"
EndProject
Global
	GlobalSection(SolutionConfigurationPlatforms) = preSolution
		Debug|Any CPU = Debug|Any CPU
		Release|Any CPU = Release|Any CPU
	EndGlobalSection
	GlobalSection(ProjectConfigurationPlatforms) = postSolution
		{64D0535B-890A-42FB-B725-0D1DBBE86706}.Debug|Any CPU.ActiveCfg = Debug|Any CPU
		{64D0535B-890A-42FB-B725-0D1DBBE86706}.Debug|Any CPU.Build.0 = Debug|Any CPU
		{64D0535B-890A-42FB-B725-0D1DBBE86706}.Release|Any CPU.ActiveCfg = Release|Any CPU
		{64D0535B-890A-42FB-B725-0D1DBBE86706}.Release|Any CPU.Build.0 = Release|Any CPU
	EndGlobalSection
	GlobalSection(SolutionProperties) = preSolution
		HideSolutionNode = FALSE
	EndGlobalSection
EndGlobal
